// !$*UTF8*$!
{
	archiveVersion = 1;
	classes = {
	};
	objectVersion = 51;
	objects = {

/* Begin PBXBuildFile section */
		6C2CE1AD249B360B000A2A27 /* PTX.swift in Sources */ = {isa = PBXBuildFile; fileRef = 6C2CE1AC249B360B000A2A27 /* PTX.swift */; };
		6C2CE1B0249F8DA6000A2A27 /* RestaurantViewController.swift in Sources */ = {isa = PBXBuildFile; fileRef = 6C2CE1AF249F8DA6000A2A27 /* RestaurantViewController.swift */; };
		6C2CE1B3249F8E40000A2A27 /* RestaurantTableViewCell.swift in Sources */ = {isa = PBXBuildFile; fileRef = 6C2CE1B1249F8E40000A2A27 /* RestaurantTableViewCell.swift */; };
		6C2CE1B4249F8E40000A2A27 /* RestaurantTableViewCell.xib in Resources */ = {isa = PBXBuildFile; fileRef = 6C2CE1B2249F8E40000A2A27 /* RestaurantTableViewCell.xib */; };
		6C35998C24A0F1A400CF3C35 /* THSR.swift in Sources */ = {isa = PBXBuildFile; fileRef = 6C35998B24A0F1A400CF3C35 /* THSR.swift */; };
		6C59A8C8247FE448003C7BAD /* StationViewController.swift in Sources */ = {isa = PBXBuildFile; fileRef = 6C59A8C7247FE448003C7BAD /* StationViewController.swift */; };
		6C59A8CB247FE46C003C7BAD /* TimeTableViewController.swift in Sources */ = {isa = PBXBuildFile; fileRef = 6C59A8CA247FE46C003C7BAD /* TimeTableViewController.swift */; };
		6C59A8CD247FE7FB003C7BAD /* SceneDelegate.swift in Sources */ = {isa = PBXBuildFile; fileRef = 6C59A8CC247FE7FB003C7BAD /* SceneDelegate.swift */; };
		6C8B9CE924839A6B003F62F8 /* TimeTableDetailViewController.swift in Sources */ = {isa = PBXBuildFile; fileRef = 6C8B9CE824839A6B003F62F8 /* TimeTableDetailViewController.swift */; };
		6C95DBA42476BF8400A23607 /* AppDelegate.swift in Sources */ = {isa = PBXBuildFile; fileRef = 6C95DBA32476BF8400A23607 /* AppDelegate.swift */; };
		6C95DBA82476BF8400A23607 /* ViewController.swift in Sources */ = {isa = PBXBuildFile; fileRef = 6C95DBA72476BF8400A23607 /* ViewController.swift */; };
		6C95DBAB2476BF8400A23607 /* Main.storyboard in Resources */ = {isa = PBXBuildFile; fileRef = 6C95DBA92476BF8400A23607 /* Main.storyboard */; };
		6C95DBAD2476BF8500A23607 /* Assets.xcassets in Resources */ = {isa = PBXBuildFile; fileRef = 6C95DBAC2476BF8500A23607 /* Assets.xcassets */; };
		6C95DBB02476BF8500A23607 /* LaunchScreen.storyboard in Resources */ = {isa = PBXBuildFile; fileRef = 6C95DBAE2476BF8500A23607 /* LaunchScreen.storyboard */; };
		6C9C6A2124A33EB500E12A2C /* TimeTableTableViewCell.swift in Sources */ = {isa = PBXBuildFile; fileRef = 6C9C6A1F24A33EB500E12A2C /* TimeTableTableViewCell.swift */; };
		6C9C6A2224A33EB500E12A2C /* TimeTableTableViewCell.xib in Resources */ = {isa = PBXBuildFile; fileRef = 6C9C6A2024A33EB500E12A2C /* TimeTableTableViewCell.xib */; };
		6C9C6A2524A37E7C00E12A2C /* DetailTableViewCell.swift in Sources */ = {isa = PBXBuildFile; fileRef = 6C9C6A2324A37E7C00E12A2C /* DetailTableViewCell.swift */; };
		6C9C6A2624A37E7C00E12A2C /* DetailTableViewCell.xib in Resources */ = {isa = PBXBuildFile; fileRef = 6C9C6A2424A37E7C00E12A2C /* DetailTableViewCell.xib */; };
		6CDCFB21249FCB0000BD570E /* RestaurantStructure.swift in Sources */ = {isa = PBXBuildFile; fileRef = 6CDCFB20249FCB0000BD570E /* RestaurantStructure.swift */; };
		7E1C13DF61C3963E2ED85EB1 /* Pods_API_2_0521.framework in Frameworks */ = {isa = PBXBuildFile; fileRef = FEF9CC662C61DD03D90E47C8 /* Pods_API_2_0521.framework */; };
/* End PBXBuildFile section */

/* Begin PBXFileReference section */
		5685130ED0A5EAE5B856CD7A /* Pods-API_2_0521.debug.xcconfig */ = {isa = PBXFileReference; includeInIndex = 1; lastKnownFileType = text.xcconfig; name = "Pods-API_2_0521.debug.xcconfig"; path = "Target Support Files/Pods-API_2_0521/Pods-API_2_0521.debug.xcconfig"; sourceTree = "<group>"; };
		6C2CE1AC249B360B000A2A27 /* PTX.swift */ = {isa = PBXFileReference; lastKnownFileType = sourcecode.swift; path = PTX.swift; sourceTree = "<group>"; };
		6C2CE1AF249F8DA6000A2A27 /* RestaurantViewController.swift */ = {isa = PBXFileReference; lastKnownFileType = sourcecode.swift; path = RestaurantViewController.swift; sourceTree = "<group>"; };
		6C2CE1B1249F8E40000A2A27 /* RestaurantTableViewCell.swift */ = {isa = PBXFileReference; lastKnownFileType = sourcecode.swift; path = RestaurantTableViewCell.swift; sourceTree = "<group>"; };
		6C2CE1B2249F8E40000A2A27 /* RestaurantTableViewCell.xib */ = {isa = PBXFileReference; lastKnownFileType = file.xib; path = RestaurantTableViewCell.xib; sourceTree = "<group>"; };
		6C35998B24A0F1A400CF3C35 /* THSR.swift */ = {isa = PBXFileReference; lastKnownFileType = sourcecode.swift; path = THSR.swift; sourceTree = "<group>"; };
		6C59A8C7247FE448003C7BAD /* StationViewController.swift */ = {isa = PBXFileReference; lastKnownFileType = sourcecode.swift; path = StationViewController.swift; sourceTree = "<group>"; };
		6C59A8CA247FE46C003C7BAD /* TimeTableViewController.swift */ = {isa = PBXFileReference; lastKnownFileType = sourcecode.swift; path = TimeTableViewController.swift; sourceTree = "<group>"; };
		6C59A8CC247FE7FB003C7BAD /* SceneDelegate.swift */ = {isa = PBXFileReference; fileEncoding = 4; lastKnownFileType = sourcecode.swift; path = SceneDelegate.swift; sourceTree = "<group>"; };
		6C8B9CE824839A6B003F62F8 /* TimeTableDetailViewController.swift */ = {isa = PBXFileReference; lastKnownFileType = sourcecode.swift; path = TimeTableDetailViewController.swift; sourceTree = "<group>"; };
		6C95DBA02476BF8400A23607 /* API_2_0521.app */ = {isa = PBXFileReference; explicitFileType = wrapper.application; includeInIndex = 0; path = API_2_0521.app; sourceTree = BUILT_PRODUCTS_DIR; };
		6C95DBA32476BF8400A23607 /* AppDelegate.swift */ = {isa = PBXFileReference; lastKnownFileType = sourcecode.swift; path = AppDelegate.swift; sourceTree = "<group>"; };
		6C95DBA72476BF8400A23607 /* ViewController.swift */ = {isa = PBXFileReference; lastKnownFileType = sourcecode.swift; path = ViewController.swift; sourceTree = "<group>"; };
		6C95DBAA2476BF8400A23607 /* Base */ = {isa = PBXFileReference; lastKnownFileType = file.storyboard; name = Base; path = Base.lproj/Main.storyboard; sourceTree = "<group>"; };
		6C95DBAC2476BF8500A23607 /* Assets.xcassets */ = {isa = PBXFileReference; lastKnownFileType = folder.assetcatalog; path = Assets.xcassets; sourceTree = "<group>"; };
		6C95DBAF2476BF8500A23607 /* Base */ = {isa = PBXFileReference; lastKnownFileType = file.storyboard; name = Base; path = Base.lproj/LaunchScreen.storyboard; sourceTree = "<group>"; };
		6C95DBB12476BF8500A23607 /* Info.plist */ = {isa = PBXFileReference; lastKnownFileType = text.plist.xml; path = Info.plist; sourceTree = "<group>"; };
		6C9C6A1F24A33EB500E12A2C /* TimeTableTableViewCell.swift */ = {isa = PBXFileReference; lastKnownFileType = sourcecode.swift; path = TimeTableTableViewCell.swift; sourceTree = "<group>"; };
		6C9C6A2024A33EB500E12A2C /* TimeTableTableViewCell.xib */ = {isa = PBXFileReference; lastKnownFileType = file.xib; path = TimeTableTableViewCell.xib; sourceTree = "<group>"; };
		6C9C6A2324A37E7C00E12A2C /* DetailTableViewCell.swift */ = {isa = PBXFileReference; lastKnownFileType = sourcecode.swift; path = DetailTableViewCell.swift; sourceTree = "<group>"; };
		6C9C6A2424A37E7C00E12A2C /* DetailTableViewCell.xib */ = {isa = PBXFileReference; lastKnownFileType = file.xib; path = DetailTableViewCell.xib; sourceTree = "<group>"; };
		6CDCFB20249FCB0000BD570E /* RestaurantStructure.swift */ = {isa = PBXFileReference; lastKnownFileType = sourcecode.swift; path = RestaurantStructure.swift; sourceTree = "<group>"; };
		ABBBF432184619D2B933D098 /* Pods-API_2_0521.release.xcconfig */ = {isa = PBXFileReference; includeInIndex = 1; lastKnownFileType = text.xcconfig; name = "Pods-API_2_0521.release.xcconfig"; path = "Target Support Files/Pods-API_2_0521/Pods-API_2_0521.release.xcconfig"; sourceTree = "<group>"; };
		FEF9CC662C61DD03D90E47C8 /* Pods_API_2_0521.framework */ = {isa = PBXFileReference; explicitFileType = wrapper.framework; includeInIndex = 0; path = Pods_API_2_0521.framework; sourceTree = BUILT_PRODUCTS_DIR; };
/* End PBXFileReference section */

/* Begin PBXFrameworksBuildPhase section */
		6C95DB9D2476BF8400A23607 /* Frameworks */ = {
			isa = PBXFrameworksBuildPhase;
			buildActionMask = 2147483647;
			files = (
				7E1C13DF61C3963E2ED85EB1 /* Pods_API_2_0521.framework in Frameworks */,
			);
			runOnlyForDeploymentPostprocessing = 0;
		};
/* End PBXFrameworksBuildPhase section */

/* Begin PBXGroup section */
		00A04904D55EDF910DA65650 /* Frameworks */ = {
			isa = PBXGroup;
			children = (
				FEF9CC662C61DD03D90E47C8 /* Pods_API_2_0521.framework */,
			);
			name = Frameworks;
			sourceTree = "<group>";
		};
		0FFF7D932A02B99D06B301E4 /* Pods */ = {
			isa = PBXGroup;
			children = (
				5685130ED0A5EAE5B856CD7A /* Pods-API_2_0521.debug.xcconfig */,
				ABBBF432184619D2B933D098 /* Pods-API_2_0521.release.xcconfig */,
			);
			path = Pods;
			sourceTree = "<group>";
		};
		6C2CE1AE249F8D7B000A2A27 /* Restaurant */ = {
			isa = PBXGroup;
			children = (
				6C2CE1AF249F8DA6000A2A27 /* RestaurantViewController.swift */,
				6CDCFB20249FCB0000BD570E /* RestaurantStructure.swift */,
				6C2CE1B5249FA3D4000A2A27 /* RestaurantTableViewCell */,
			);
			path = Restaurant;
			sourceTree = "<group>";
		};
		6C2CE1B5249FA3D4000A2A27 /* RestaurantTableViewCell */ = {
			isa = PBXGroup;
			children = (
				6C2CE1B1249F8E40000A2A27 /* RestaurantTableViewCell.swift */,
				6C2CE1B2249F8E40000A2A27 /* RestaurantTableViewCell.xib */,
			);
			path = RestaurantTableViewCell;
			sourceTree = "<group>";
		};
		6C59A8C6247FE425003C7BAD /* Station */ = {
			isa = PBXGroup;
			children = (
				6C59A8C7247FE448003C7BAD /* StationViewController.swift */,
			);
			path = Station;
			sourceTree = "<group>";
		};
		6C59A8C9247FE457003C7BAD /* TimeTable */ = {
			isa = PBXGroup;
			children = (
				6C59A8CA247FE46C003C7BAD /* TimeTableViewController.swift */,
				6C9C6A1F24A33EB500E12A2C /* TimeTableTableViewCell.swift */,
				6C9C6A2024A33EB500E12A2C /* TimeTableTableViewCell.xib */,
				6C35998B24A0F1A400CF3C35 /* THSR.swift */,
				6CDCFB2224A0C54000BD570E /* TimeTableDetail */,
			);
			path = TimeTable;
			sourceTree = "<group>";
		};
		6C95DB972476BF8400A23607 = {
			isa = PBXGroup;
			children = (
				6C95DBA22476BF8400A23607 /* API_2_0521 */,
				6C95DBA12476BF8400A23607 /* Products */,
				0FFF7D932A02B99D06B301E4 /* Pods */,
				00A04904D55EDF910DA65650 /* Frameworks */,
			);
			sourceTree = "<group>";
		};
		6C95DBA12476BF8400A23607 /* Products */ = {
			isa = PBXGroup;
			children = (
				6C95DBA02476BF8400A23607 /* API_2_0521.app */,
			);
			name = Products;
			sourceTree = "<group>";
		};
		6C95DBA22476BF8400A23607 /* API_2_0521 */ = {
			isa = PBXGroup;
			children = (
				6C2CE1AE249F8D7B000A2A27 /* Restaurant */,
				6C59A8C9247FE457003C7BAD /* TimeTable */,
				6C59A8C6247FE425003C7BAD /* Station */,
				6C95DBA32476BF8400A23607 /* AppDelegate.swift */,
				6C95DBA72476BF8400A23607 /* ViewController.swift */,
				6C95DBA92476BF8400A23607 /* Main.storyboard */,
				6C59A8CC247FE7FB003C7BAD /* SceneDelegate.swift */,
				6C95DBAC2476BF8500A23607 /* Assets.xcassets */,
				6C95DBAE2476BF8500A23607 /* LaunchScreen.storyboard */,
				6C95DBB12476BF8500A23607 /* Info.plist */,
				6C2CE1AC249B360B000A2A27 /* PTX.swift */,
			);
			path = API_2_0521;
			sourceTree = "<group>";
		};
		6CDCFB2224A0C54000BD570E /* TimeTableDetail */ = {
			isa = PBXGroup;
			children = (
				6C8B9CE824839A6B003F62F8 /* TimeTableDetailViewController.swift */,
				6C9C6A2324A37E7C00E12A2C /* DetailTableViewCell.swift */,
				6C9C6A2424A37E7C00E12A2C /* DetailTableViewCell.xib */,
			);
			path = TimeTableDetail;
			sourceTree = "<group>";
		};
/* End PBXGroup section */

/* Begin PBXNativeTarget section */
		6C95DB9F2476BF8400A23607 /* API_2_0521 */ = {
			isa = PBXNativeTarget;
			buildConfigurationList = 6C95DBB42476BF8500A23607 /* Build configuration list for PBXNativeTarget "API_2_0521" */;
			buildPhases = (
				A3BB5BD10FFD818D83A967AA /* [CP] Check Pods Manifest.lock */,
				6C95DB9C2476BF8400A23607 /* Sources */,
				6C95DB9D2476BF8400A23607 /* Frameworks */,
				6C95DB9E2476BF8400A23607 /* Resources */,
				BE6CFA6AAE64486AAAC9C01B /* [CP] Embed Pods Frameworks */,
			);
			buildRules = (
			);
			dependencies = (
			);
			name = API_2_0521;
			productName = API_2_0521;
			productReference = 6C95DBA02476BF8400A23607 /* API_2_0521.app */;
			productType = "com.apple.product-type.application";
		};
/* End PBXNativeTarget section */

/* Begin PBXProject section */
		6C95DB982476BF8400A23607 /* Project object */ = {
			isa = PBXProject;
			attributes = {
				LastSwiftUpdateCheck = 1130;
				LastUpgradeCheck = 1130;
				ORGANIZATIONNAME = "mmslab-mini";
				TargetAttributes = {
					6C95DB9F2476BF8400A23607 = {
						CreatedOnToolsVersion = 11.3.1;
					};
				};
			};
			buildConfigurationList = 6C95DB9B2476BF8400A23607 /* Build configuration list for PBXProject "API_2_0521" */;
			compatibilityVersion = "Xcode 9.3";
			developmentRegion = en;
			hasScannedForEncodings = 0;
			knownRegions = (
				en,
				Base,
			);
			mainGroup = 6C95DB972476BF8400A23607;
			productRefGroup = 6C95DBA12476BF8400A23607 /* Products */;
			projectDirPath = "";
			projectRoot = "";
			targets = (
				6C95DB9F2476BF8400A23607 /* API_2_0521 */,
			);
		};
/* End PBXProject section */

/* Begin PBXResourcesBuildPhase section */
		6C95DB9E2476BF8400A23607 /* Resources */ = {
			isa = PBXResourcesBuildPhase;
			buildActionMask = 2147483647;
			files = (
				6C2CE1B4249F8E40000A2A27 /* RestaurantTableViewCell.xib in Resources */,
				6C95DBB02476BF8500A23607 /* LaunchScreen.storyboard in Resources */,
				6C95DBAD2476BF8500A23607 /* Assets.xcassets in Resources */,
				6C95DBAB2476BF8400A23607 /* Main.storyboard in Resources */,
				6C9C6A2624A37E7C00E12A2C /* DetailTableViewCell.xib in Resources */,
				6C9C6A2224A33EB500E12A2C /* TimeTableTableViewCell.xib in Resources */,
			);
			runOnlyForDeploymentPostprocessing = 0;
		};
/* End PBXResourcesBuildPhase section */

/* Begin PBXShellScriptBuildPhase section */
		A3BB5BD10FFD818D83A967AA /* [CP] Check Pods Manifest.lock */ = {
			isa = PBXShellScriptBuildPhase;
			buildActionMask = 2147483647;
			files = (
			);
			inputFileListPaths = (
			);
			inputPaths = (
				"${PODS_PODFILE_DIR_PATH}/Podfile.lock",
				"${PODS_ROOT}/Manifest.lock",
			);
			name = "[CP] Check Pods Manifest.lock";
			outputFileListPaths = (
			);
			outputPaths = (
				"$(DERIVED_FILE_DIR)/Pods-API_2_0521-checkManifestLockResult.txt",
			);
			runOnlyForDeploymentPostprocessing = 0;
			shellPath = /bin/sh;
			shellScript = "diff \"${PODS_PODFILE_DIR_PATH}/Podfile.lock\" \"${PODS_ROOT}/Manifest.lock\" > /dev/null\nif [ $? != 0 ] ; then\n    # print error to STDERR\n    echo \"error: The sandbox is not in sync with the Podfile.lock. Run 'pod install' or update your CocoaPods installation.\" >&2\n    exit 1\nfi\n# This output is used by Xcode 'outputs' to avoid re-running this script phase.\necho \"SUCCESS\" > \"${SCRIPT_OUTPUT_FILE_0}\"\n";
			showEnvVarsInLog = 0;
		};
		BE6CFA6AAE64486AAAC9C01B /* [CP] Embed Pods Frameworks */ = {
			isa = PBXShellScriptBuildPhase;
			buildActionMask = 2147483647;
			files = (
			);
			inputFileListPaths = (
				"${PODS_ROOT}/Target Support Files/Pods-API_2_0521/Pods-API_2_0521-frameworks-${CONFIGURATION}-input-files.xcfilelist",
			);
			name = "[CP] Embed Pods Frameworks";
			outputFileListPaths = (
				"${PODS_ROOT}/Target Support Files/Pods-API_2_0521/Pods-API_2_0521-frameworks-${CONFIGURATION}-output-files.xcfilelist",
			);
			runOnlyForDeploymentPostprocessing = 0;
			shellPath = /bin/sh;
			shellScript = "\"${PODS_ROOT}/Target Support Files/Pods-API_2_0521/Pods-API_2_0521-frameworks.sh\"\n";
			showEnvVarsInLog = 0;
		};
/* End PBXShellScriptBuildPhase section */

/* Begin PBXSourcesBuildPhase section */
		6C95DB9C2476BF8400A23607 /* Sources */ = {
			isa = PBXSourcesBuildPhase;
			buildActionMask = 2147483647;
			files = (
				6C59A8CD247FE7FB003C7BAD /* SceneDelegate.swift in Sources */,
				6C9C6A2124A33EB500E12A2C /* TimeTableTableViewCell.swift in Sources */,
				6C2CE1B0249F8DA6000A2A27 /* RestaurantViewController.swift in Sources */,
				6C9C6A2524A37E7C00E12A2C /* DetailTableViewCell.swift in Sources */,
				6C95DBA82476BF8400A23607 /* ViewController.swift in Sources */,
				6C95DBA42476BF8400A23607 /* AppDelegate.swift in Sources */,
				6C59A8C8247FE448003C7BAD /* StationViewController.swift in Sources */,
				6C2CE1AD249B360B000A2A27 /* PTX.swift in Sources */,
				6C59A8CB247FE46C003C7BAD /* TimeTableViewController.swift in Sources */,
				6C2CE1B3249F8E40000A2A27 /* RestaurantTableViewCell.swift in Sources */,
				6CDCFB21249FCB0000BD570E /* RestaurantStructure.swift in Sources */,
				6C8B9CE924839A6B003F62F8 /* TimeTableDetailViewController.swift in Sources */,
				6C35998C24A0F1A400CF3C35 /* THSR.swift in Sources */,
			);
			runOnlyForDeploymentPostprocessing = 0;
		};
/* End PBXSourcesBuildPhase section */

/* Begin PBXVariantGroup section */
		6C95DBA92476BF8400A23607 /* Main.storyboard */ = {
			isa = PBXVariantGroup;
			children = (
				6C95DBAA2476BF8400A23607 /* Base */,
			);
			name = Main.storyboard;
			sourceTree = "<group>";
		};
		6C95DBAE2476BF8500A23607 /* LaunchScreen.storyboard */ = {
			isa = PBXVariantGroup;
			children = (
				6C95DBAF2476BF8500A23607 /* Base */,
			);
			name = LaunchScreen.storyboard;
			sourceTree = "<group>";
		};
/* End PBXVariantGroup section */

/* Begin XCBuildConfiguration section */
		6C95DBB22476BF8500A23607 /* Debug */ = {
			isa = XCBuildConfiguration;
			buildSettings = {
				ALWAYS_SEARCH_USER_PATHS = NO;
				CLANG_ANALYZER_NONNULL = YES;
				CLANG_ANALYZER_NUMBER_OBJECT_CONVERSION = YES_AGGRESSIVE;
				CLANG_CXX_LANGUAGE_STANDARD = "gnu++14";
				CLANG_CXX_LIBRARY = "libc++";
				CLANG_ENABLE_MODULES = YES;
				CLANG_ENABLE_OBJC_ARC = YES;
				CLANG_ENABLE_OBJC_WEAK = YES;
				CLANG_WARN_BLOCK_CAPTURE_AUTORELEASING = YES;
				CLANG_WARN_BOOL_CONVERSION = YES;
				CLANG_WARN_COMMA = YES;
				CLANG_WARN_CONSTANT_CONVERSION = YES;
				CLANG_WARN_DEPRECATED_OBJC_IMPLEMENTATIONS = YES;
				CLANG_WARN_DIRECT_OBJC_ISA_USAGE = YES_ERROR;
				CLANG_WARN_DOCUMENTATION_COMMENTS = YES;
				CLANG_WARN_EMPTY_BODY = YES;
				CLANG_WARN_ENUM_CONVERSION = YES;
				CLANG_WARN_INFINITE_RECURSION = YES;
				CLANG_WARN_INT_CONVERSION = YES;
				CLANG_WARN_NON_LITERAL_NULL_CONVERSION = YES;
				CLANG_WARN_OBJC_IMPLICIT_RETAIN_SELF = YES;
				CLANG_WARN_OBJC_LITERAL_CONVERSION = YES;
				CLANG_WARN_OBJC_ROOT_CLASS = YES_ERROR;
				CLANG_WARN_RANGE_LOOP_ANALYSIS = YES;
				CLANG_WARN_STRICT_PROTOTYPES = YES;
				CLANG_WARN_SUSPICIOUS_MOVE = YES;
				CLANG_WARN_UNGUARDED_AVAILABILITY = YES_AGGRESSIVE;
				CLANG_WARN_UNREACHABLE_CODE = YES;
				CLANG_WARN__DUPLICATE_METHOD_MATCH = YES;
				COPY_PHASE_STRIP = NO;
				DEBUG_INFORMATION_FORMAT = dwarf;
				ENABLE_STRICT_OBJC_MSGSEND = YES;
				ENABLE_TESTABILITY = YES;
				GCC_C_LANGUAGE_STANDARD = gnu11;
				GCC_DYNAMIC_NO_PIC = NO;
				GCC_NO_COMMON_BLOCKS = YES;
				GCC_OPTIMIZATION_LEVEL = 0;
				GCC_PREPROCESSOR_DEFINITIONS = (
					"DEBUG=1",
					"$(inherited)",
				);
				GCC_WARN_64_TO_32_BIT_CONVERSION = YES;
				GCC_WARN_ABOUT_RETURN_TYPE = YES_ERROR;
				GCC_WARN_UNDECLARED_SELECTOR = YES;
				GCC_WARN_UNINITIALIZED_AUTOS = YES_AGGRESSIVE;
				GCC_WARN_UNUSED_FUNCTION = YES;
				GCC_WARN_UNUSED_VARIABLE = YES;
				IPHONEOS_DEPLOYMENT_TARGET = 13.2;
				MTL_ENABLE_DEBUG_INFO = INCLUDE_SOURCE;
				MTL_FAST_MATH = YES;
				ONLY_ACTIVE_ARCH = YES;
				SDKROOT = iphoneos;
				SWIFT_ACTIVE_COMPILATION_CONDITIONS = DEBUG;
				SWIFT_OPTIMIZATION_LEVEL = "-Onone";
			};
			name = Debug;
		};
		6C95DBB32476BF8500A23607 /* Release */ = {
			isa = XCBuildConfiguration;
			buildSettings = {
				ALWAYS_SEARCH_USER_PATHS = NO;
				CLANG_ANALYZER_NONNULL = YES;
				CLANG_ANALYZER_NUMBER_OBJECT_CONVERSION = YES_AGGRESSIVE;
				CLANG_CXX_LANGUAGE_STANDARD = "gnu++14";
				CLANG_CXX_LIBRARY = "libc++";
				CLANG_ENABLE_MODULES = YES;
				CLANG_ENABLE_OBJC_ARC = YES;
				CLANG_ENABLE_OBJC_WEAK = YES;
				CLANG_WARN_BLOCK_CAPTURE_AUTORELEASING = YES;
				CLANG_WARN_BOOL_CONVERSION = YES;
				CLANG_WARN_COMMA = YES;
				CLANG_WARN_CONSTANT_CONVERSION = YES;
				CLANG_WARN_DEPRECATED_OBJC_IMPLEMENTATIONS = YES;
				CLANG_WARN_DIRECT_OBJC_ISA_USAGE = YES_ERROR;
				CLANG_WARN_DOCUMENTATION_COMMENTS = YES;
				CLANG_WARN_EMPTY_BODY = YES;
				CLANG_WARN_ENUM_CONVERSION = YES;
				CLANG_WARN_INFINITE_RECURSION = YES;
				CLANG_WARN_INT_CONVERSION = YES;
				CLANG_WARN_NON_LITERAL_NULL_CONVERSION = YES;
				CLANG_WARN_OBJC_IMPLICIT_RETAIN_SELF = YES;
				CLANG_WARN_OBJC_LITERAL_CONVERSION = YES;
				CLANG_WARN_OBJC_ROOT_CLASS = YES_ERROR;
				CLANG_WARN_RANGE_LOOP_ANALYSIS = YES;
				CLANG_WARN_STRICT_PROTOTYPES = YES;
				CLANG_WARN_SUSPICIOUS_MOVE = YES;
				CLANG_WARN_UNGUARDED_AVAILABILITY = YES_AGGRESSIVE;
				CLANG_WARN_UNREACHABLE_CODE = YES;
				CLANG_WARN__DUPLICATE_METHOD_MATCH = YES;
				COPY_PHASE_STRIP = NO;
				DEBUG_INFORMATION_FORMAT = "dwarf-with-dsym";
				ENABLE_NS_ASSERTIONS = NO;
				ENABLE_STRICT_OBJC_MSGSEND = YES;
				GCC_C_LANGUAGE_STANDARD = gnu11;
				GCC_NO_COMMON_BLOCKS = YES;
				GCC_WARN_64_TO_32_BIT_CONVERSION = YES;
				GCC_WARN_ABOUT_RETURN_TYPE = YES_ERROR;
				GCC_WARN_UNDECLARED_SELECTOR = YES;
				GCC_WARN_UNINITIALIZED_AUTOS = YES_AGGRESSIVE;
				GCC_WARN_UNUSED_FUNCTION = YES;
				GCC_WARN_UNUSED_VARIABLE = YES;
				IPHONEOS_DEPLOYMENT_TARGET = 13.2;
				MTL_ENABLE_DEBUG_INFO = NO;
				MTL_FAST_MATH = YES;
				SDKROOT = iphoneos;
				SWIFT_COMPILATION_MODE = wholemodule;
				SWIFT_OPTIMIZATION_LEVEL = "-O";
				VALIDATE_PRODUCT = YES;
			};
			name = Release;
		};
		6C95DBB52476BF8500A23607 /* Debug */ = {
			isa = XCBuildConfiguration;
			baseConfigurationReference = 5685130ED0A5EAE5B856CD7A /* Pods-API_2_0521.debug.xcconfig */;
			buildSettings = {
				ASSETCATALOG_COMPILER_APPICON_NAME = AppIcon;
				CODE_SIGN_STYLE = Automatic;
				INFOPLIST_FILE = API_2_0521/Info.plist;
				IPHONEOS_DEPLOYMENT_TARGET = 13.0;
				LD_RUNPATH_SEARCH_PATHS = (
					"$(inherited)",
					"@executable_path/Frameworks",
				);
				PRODUCT_BUNDLE_IDENTIFIER = "ChenCheWei.API-2-0521";
				PRODUCT_NAME = "$(TARGET_NAME)";
				SWIFT_VERSION = 5.0;
				TARGETED_DEVICE_FAMILY = "1,2";
			};
			name = Debug;
		};
		6C95DBB62476BF8500A23607 /* Release */ = {
			isa = XCBuildConfiguration;
			baseConfigurationReference = ABBBF432184619D2B933D098 /* Pods-API_2_0521.release.xcconfig */;
			buildSettings = {
				ASSETCATALOG_COMPILER_APPICON_NAME = AppIcon;
				CODE_SIGN_STYLE = Automatic;
				INFOPLIST_FILE = API_2_0521/Info.plist;
				IPHONEOS_DEPLOYMENT_TARGET = 13.0;
				LD_RUNPATH_SEARCH_PATHS = (
					"$(inherited)",
					"@executable_path/Frameworks",
				);
				PRODUCT_BUNDLE_IDENTIFIER = "ChenCheWei.API-2-0521";
				PRODUCT_NAME = "$(TARGET_NAME)";
				SWIFT_VERSION = 5.0;
				TARGETED_DEVICE_FAMILY = "1,2";
			};
			name = Release;
		};
/* End XCBuildConfiguration section */

/* Begin XCConfigurationList section */
		6C95DB9B2476BF8400A23607 /* Build configuration list for PBXProject "API_2_0521" */ = {
			isa = XCConfigurationList;
			buildConfigurations = (
				6C95DBB22476BF8500A23607 /* Debug */,
				6C95DBB32476BF8500A23607 /* Release */,
			);
			defaultConfigurationIsVisible = 0;
			defaultConfigurationName = Release;
		};
		6C95DBB42476BF8500A23607 /* Build configuration list for PBXNativeTarget "API_2_0521" */ = {
			isa = XCConfigurationList;
			buildConfigurations = (
				6C95DBB52476BF8500A23607 /* Debug */,
				6C95DBB62476BF8500A23607 /* Release */,
			);
			defaultConfigurationIsVisible = 0;
			defaultConfigurationName = Release;
		};
/* End XCConfigurationList section */
	};
	rootObject = 6C95DB982476BF8400A23607 /* Project object */;
}
